
Microsoft Visual Studio Solution File, Format Version 12.00
# Visual Studio 2013
VisualStudioVersion = 12.0.31101.0
MinimumVisualStudioVersion = 10.0.40219.1
Project("{FAE04EC0-301F-11D3-BF4B-00C04F79EFBC}") = "Intercom.net", "Intercom.net.csproj", "{74E91A0F-A27C-4B5A-83C8-B1B923C565AF}"
EndProject
Project("{2150E333-8FDC-42A3-9474-1A3956D46DE8}") = "Docs", "Docs", "{BF736B5E-5C00-4AD7-81E1-28A8DC68D218}"
	ProjectSection(SolutionItems) = preProject
		..\..\LICENSE = ..\..\LICENSE
		..\..\README.md = ..\..\README.md
	EndProjectSection
EndProject
Project("{2150E333-8FDC-42A3-9474-1A3956D46DE8}") = ".nuget", ".nuget", "{5627507A-CF39-450C-9424-64380EB954B5}"
	ProjectSection(SolutionItems) = preProject
		.nuget\NuGet.Config = .nuget\NuGet.Config
		.nuget\NuGet.exe = .nuget\NuGet.exe
		.nuget\NuGet.targets = .nuget\NuGet.targets
	EndProjectSection
EndProject
Project("{FF286327-C783-4F7A-AB73-9BCBAD0D4460}") = "Intercom", "..\Intercom\Intercom.nuproj", "{6FAECEE1-06A5-41EB-B0A0-B093ADB0ADA2}"
EndProject
Global
	GlobalSection(SolutionConfigurationPlatforms) = preSolution
		Debug|Any CPU = Debug|Any CPU
		Release|Any CPU = Release|Any CPU
	EndGlobalSection
	GlobalSection(ProjectConfigurationPlatforms) = postSolution
		{74E91A0F-A27C-4B5A-83C8-B1B923C565AF}.Debug|Any CPU.ActiveCfg = Debug|Any CPU
		{74E91A0F-A27C-4B5A-83C8-B1B923C565AF}.Debug|Any CPU.Build.0 = Debug|Any CPU
		{74E91A0F-A27C-4B5A-83C8-B1B923C565AF}.Release|Any CPU.ActiveCfg = Release|Any CPU
		{74E91A0F-A27C-4B5A-83C8-B1B923C565AF}.Release|Any CPU.Build.0 = Release|Any CPU
		{6FAECEE1-06A5-41EB-B0A0-B093ADB0ADA2}.Debug|Any CPU.ActiveCfg = Debug|Any CPU
		{6FAECEE1-06A5-41EB-B0A0-B093ADB0ADA2}.Debug|Any CPU.Build.0 = Debug|Any CPU
		{6FAECEE1-06A5-41EB-B0A0-B093ADB0ADA2}.Release|Any CPU.ActiveCfg = Release|Any CPU
		{6FAECEE1-06A5-41EB-B0A0-B093ADB0ADA2}.Release|Any CPU.Build.0 = Release|Any CPU
	EndGlobalSection
	GlobalSection(SolutionProperties) = preSolution
		HideSolutionNode = FALSE
	EndGlobalSection
EndGlobal
